
Microsoft Visual Studio Solution File, Format Version 12.00
# Visual Studio Version 17
VisualStudioVersion = 17.2.32526.322
MinimumVisualStudioVersion = 10.0.40219.1
Project("{FAE04EC0-301F-11D3-BF4B-00C04F79EFBC}") = "Lesson_2", "Lesson_2.csproj", "{0ABFA148-1C12-4AD5-9E4E-F90EFBFE8A6D}"
EndProject
Global
	GlobalSection(SolutionConfigurationPlatforms) = preSolution
		Debug|Any CPU = Debug|Any CPU
		Release|Any CPU = Release|Any CPU
	EndGlobalSection
	GlobalSection(ProjectConfigurationPlatforms) = postSolution
		{0ABFA148-1C12-4AD5-9E4E-F90EFBFE8A6D}.Debug|Any CPU.ActiveCfg = Debug|Any CPU
		{0ABFA148-1C12-4AD5-9E4E-F90EFBFE8A6D}.Debug|Any CPU.Build.0 = Debug|Any CPU
		{0ABFA148-1C12-4AD5-9E4E-F90EFBFE8A6D}.Release|Any CPU.ActiveCfg = Release|Any CPU
		{0ABFA148-1C12-4AD5-9E4E-F90EFBFE8A6D}.Release|Any CPU.Build.0 = Release|Any CPU
	EndGlobalSection
	GlobalSection(SolutionProperties) = preSolution
		HideSolutionNode = FALSE
	EndGlobalSection
	GlobalSection(ExtensibilityGlobals) = postSolution
		SolutionGuid = {D568D616-FCF7-4671-9F84-31454C249C98}
	EndGlobalSection
EndGlobal
